{
  "nodes": {
    "base16": {
      "inputs": {
        "fromYaml": "fromYaml"
      },
      "locked": {
        "lastModified": 1687812144,
        "narHash": "sha256-2w4L9D07l6rPNVWXXgh/XAg6QxJZDBiY8Y39DVulFNk=",
        "owner": "SenchoPens",
        "repo": "base16.nix",
        "rev": "2e67e7121bde46d4857bce6130d87f847fcb2c80",
        "type": "github"
      },
      "original": {
        "owner": "SenchoPens",
        "repo": "base16.nix",
        "type": "github"
      }
    },
    "base16-schemes": {
      "flake": false,
      "locked": {
        "lastModified": 1683064489,
        "narHash": "sha256-AngNF++RZQB0l4M8pRgcv66pAcIPY+cCwmUOd+RBJKA=",
        "owner": "base16-project",
        "repo": "base16-schemes",
        "rev": "9a4002f78dd1094c123169da243680b2fda3fe69",
        "type": "github"
      },
      "original": {
        "owner": "base16-project",
        "repo": "base16-schemes",
        "type": "github"
      }
    },
    "base16-vim": {
      "flake": false,
      "locked": {
        "lastModified": 1684026838,
        "narHash": "sha256-+MmVzCzXWfXti81EJipipzOadD4oy5M0a1FkJ3A0fkY=",
        "owner": "base16-project",
        "repo": "base16-vim",
        "rev": "c4eff7ccdf8b66877932d70473c052119cb5d46b",
        "type": "github"
      },
      "original": {
        "owner": "base16-project",
        "repo": "base16-vim",
        "type": "github"
      }
    },
    "base16-zathura": {
      "flake": false,
      "locked": {
        "lastModified": 1643130739,
        "narHash": "sha256-nVJoygnytYN40VHXpAFwO7ruVbaSydeR547MU45VSuY=",
        "owner": "haozeke",
        "repo": "base16-zathura",
        "rev": "9f148b4001dc67d399e645919225943d47e50125",
        "type": "github"
      },
      "original": {
        "owner": "haozeke",
        "repo": "base16-zathura",
        "type": "github"
      }
    },
    "fromYaml": {
      "flake": false,
      "locked": {
        "lastModified": 1685846909,
        "narHash": "sha256-ibxtG018Qq2Qjxir4Hai3Gr1hOOa+ad4V0EbFaHOj9Y=",
        "owner": "SenchoPens",
        "repo": "fromYaml",
        "rev": "706176e156923d963ead81fe6bfba041f057cc65",
        "type": "github"
      },
      "original": {
        "owner": "SenchoPens",
        "repo": "fromYaml",
        "type": "github"
      }
    },
    "home-manager": {
      "inputs": {
        "nixpkgs": [
          "nixpkgs"
        ]
      },
      "locked": {
        "lastModified": 1687647343,
        "narHash": "sha256-1/o/i9KEFOBdlF9Cs04kBcqDFbYMt6W4SMqGa+QnnaI=",
        "owner": "nix-community",
        "repo": "home-manager",
        "rev": "0ee5ab611dc1fbb5180bd7d88d2aeb7841a4d179",
        "type": "github"
      },
      "original": {
        "owner": "nix-community",
        "repo": "home-manager",
        "type": "github"
      }
    },
    "impermanence": {
      "locked": {
        "lastModified": 1684264534,
        "narHash": "sha256-K0zr+ry3FwIo3rN2U/VWAkCJSgBslBisvfRIPwMbuCQ=",
        "owner": "nix-community",
        "repo": "impermanence",
        "rev": "89253fb1518063556edd5e54509c30ac3089d5e6",
        "type": "github"
      },
      "original": {
        "owner": "nix-community",
        "repo": "impermanence",
        "type": "github"
      }
    },
    "nixpkgs": {
      "locked": {
        "lastModified": 1688679045,
        "narHash": "sha256-t3xGEfYIwhaLTPU8FLtN/pLPytNeDwbLI6a7XFFBlGo=",
        "owner": "nixos",
        "repo": "nixpkgs",
        "rev": "3c7487575d9445185249a159046cc02ff364bff8",
        "type": "github"
      },
      "original": {
        "owner": "nixos",
        "ref": "nixos-unstable",
        "repo": "nixpkgs",
        "type": "github"
      }
    },
    "nur": {
      "locked": {
        "lastModified": 1688287538,
        "narHash": "sha256-orAajIrUE9oRMagUBL0GoQyZ3stAoCbhXUaz84s4GNA=",
        "owner": "nix-community",
        "repo": "NUR",
        "rev": "a6288a27e0535bed283ab4904bcbc59707a6ebd7",
        "type": "github"
      },
      "original": {
        "owner": "nix-community",
        "repo": "NUR",
        "type": "github"
      }
    },
    "root": {
      "inputs": {
        "base16": "base16",
        "base16-schemes": "base16-schemes",
        "base16-vim": "base16-vim",
        "base16-zathura": "base16-zathura",
        "home-manager": "home-manager",
        "impermanence": "impermanence",
        "nixpkgs": "nixpkgs",
        "nur": "nur"
      }
    }
  },
  "root": "root",
  "version": 7
}
